<?xml version="1.0" encoding="UTF-8" standalone="yes" ?>
<CodeBlocks_project_file>
	<FileVersion major="1" minor="6" />
	<Project>
		<Option title="Laboratorio0" />
		<Option pch_mode="2" />
		<Option compiler="gcc" />
		<Build>
			<Target title="Debug">
				<Option output="bin/Debug/Laboratorio0" prefix_auto="1" extension_auto="1" />
				<Option object_output="obj/Debug/" />
				<Option type="1" />
				<Option compiler="gcc" />
				<Compiler>
					<Add option="-g" />
				</Compiler>
			</Target>
			<Target title="Release">
				<Option output="bin/Release/Laboratorio0" prefix_auto="1" extension_auto="1" />
				<Option object_output="obj/Release/" />
				<Option type="1" />
				<Option compiler="gcc" />
				<Compiler>
					<Add option="-O2" />
				</Compiler>
				<Linker>
					<Add option="-s" />
				</Linker>
			</Target>
		</Build>
		<Compiler>
			<Add option="-Wall" />
		</Compiler>
		<Unit filename="../Cabezales/Consulta.h" />
		<Unit filename="../Cabezales/DtConsulta.h" />
		<Unit filename="../Cabezales/DtFecha.h" />
		<Unit filename="../Cabezales/DtGato.h" />
		<Unit filename="../Cabezales/DtMascota.h" />
		<Unit filename="../Cabezales/DtPerro.h" />
		<Unit filename="../Cabezales/Gato.h" />
		<Unit filename="../Cabezales/Mascota.h" />
		<Unit filename="../Cabezales/Perro.h" />
		<Unit filename="../Cabezales/Socio.h" />
		<Unit filename="../Cabezales/Utils.h" />
		<Unit filename="../Logica/Consulta.cpp" />
		<Unit filename="../Logica/DtConsulta.cpp" />
		<Unit filename="../Logica/DtFecha.cpp" />
		<Unit filename="../Logica/DtGato.cpp" />
		<Unit filename="../Logica/DtMascota.cpp" />
		<Unit filename="../Logica/DtPerro.cpp" />
		<Unit filename="../Logica/Gato.cpp" />
		<Unit filename="../Logica/Mascota.cpp" />
		<Unit filename="../Logica/Perro.cpp" />
		<Unit filename="../Logica/Socio.cpp" />
		<Unit filename="../Logica/Utils.cpp" />
		<Unit filename="../principal.cpp" />
		<Extensions>
			<code_completion />
			<debugger />
		</Extensions>
	</Project>
</CodeBlocks_project_file>
